
Microsoft Visual Studio Solution File, Format Version 12.00
# Visual Studio Version 17
VisualStudioVersion = 17.2.32616.157
MinimumVisualStudioVersion = 10.0.40219.1
Project("{9A19103F-16F7-4668-BE54-9A1E7A4F7556}") = "Venomaus.FlowVitae", "FlowVitae\Venomaus.FlowVitae.csproj", "{4AFB4DBF-16AF-41E1-B60C-829E492E7EC3}"
EndProject
Project("{9A19103F-16F7-4668-BE54-9A1E7A4F7556}") = "Venomaus.Tests", "Tests\Venomaus.Tests.csproj", "{78BC0C4C-623B-4A9C-BC59-50FD6AD51F9C}"
EndProject
Global
	GlobalSection(SolutionConfigurationPlatforms) = preSolution
		Debug|Any CPU = Debug|Any CPU
		Release|Any CPU = Release|Any CPU
	EndGlobalSection
	GlobalSection(ProjectConfigurationPlatforms) = postSolution
		{4AFB4DBF-16AF-41E1-B60C-829E492E7EC3}.Debug|Any CPU.ActiveCfg = Debug|Any CPU
		{4AFB4DBF-16AF-41E1-B60C-829E492E7EC3}.Debug|Any CPU.Build.0 = Debug|Any CPU
		{4AFB4DBF-16AF-41E1-B60C-829E492E7EC3}.Release|Any CPU.ActiveCfg = Release|Any CPU
		{4AFB4DBF-16AF-41E1-B60C-829E492E7EC3}.Release|Any CPU.Build.0 = Release|Any CPU
		{78BC0C4C-623B-4A9C-BC59-50FD6AD51F9C}.Debug|Any CPU.ActiveCfg = Debug|Any CPU
		{78BC0C4C-623B-4A9C-BC59-50FD6AD51F9C}.Debug|Any CPU.Build.0 = Debug|Any CPU
		{78BC0C4C-623B-4A9C-BC59-50FD6AD51F9C}.Release|Any CPU.ActiveCfg = Release|Any CPU
		{78BC0C4C-623B-4A9C-BC59-50FD6AD51F9C}.Release|Any CPU.Build.0 = Release|Any CPU
	EndGlobalSection
	GlobalSection(SolutionProperties) = preSolution
		HideSolutionNode = FALSE
	EndGlobalSection
	GlobalSection(ExtensibilityGlobals) = postSolution
		SolutionGuid = {9292375C-A022-4487-BAF7-9C24699877FF}
	EndGlobalSection
EndGlobal
