
Microsoft Visual Studio Solution File, Format Version 12.00
# Visual Studio Version 17
VisualStudioVersion = 17.2.32616.157
MinimumVisualStudioVersion = 10.0.40219.1
Project("{9A19103F-16F7-4668-BE54-9A1E7A4F7556}") = "Venomaus.FlowVitae", "Venomaus.FlowVitae\Venomaus.FlowVitae.csproj", "{4AFB4DBF-16AF-41E1-B60C-829E492E7EC3}"
EndProject
Project("{9A19103F-16F7-4668-BE54-9A1E7A4F7556}") = "Venomaus.UnitTests", "Venomaus.Tests\Venomaus.UnitTests\Venomaus.UnitTests.csproj", "{78BC0C4C-623B-4A9C-BC59-50FD6AD51F9C}"
EndProject
Project("{9A19103F-16F7-4668-BE54-9A1E7A4F7556}") = "Venomaus.SadConsole.Host", "Venomaus.Visualizers\Venomaus.SadConsole.Host\Venomaus.SadConsole.Host.csproj", "{8C9FD2F6-F0E5-4450-AFDF-68E10D85AD04}"
EndProject
Project("{9A19103F-16F7-4668-BE54-9A1E7A4F7556}") = "Venomaus.BenchmarkTests", "Venomaus.Tests\Venomaus.BenchmarkTests\Venomaus.BenchmarkTests.csproj", "{4B252078-898D-45D3-8352-82D1E35C8BE5}"
EndProject
Project("{FAE04EC0-301F-11D3-BF4B-00C04F79EFBC}") = "Venomaus.Unity.Host", "Venomaus.Visualizers\Venomaus.Unity.Host\Venomaus.Unity.Host.csproj", "{E46DF1CF-31C8-80F5-434E-4452FF152A59}"
EndProject
Project("{2150E333-8FDC-42A3-9474-1A3956D46DE8}") = "Visualizers", "Visualizers", "{F944816C-3504-43B1-AA19-F58D3B81DD4E}"
EndProject
Project("{2150E333-8FDC-42A3-9474-1A3956D46DE8}") = "Tests", "Tests", "{5C9DAD76-611A-4512-AF9E-EE082F65BE2F}"
EndProject
Project("{2150E333-8FDC-42A3-9474-1A3956D46DE8}") = "Benchmarks", "Benchmarks", "{70F736D0-55AB-44D6-B699-F341C117D4F8}"
EndProject
Global
	GlobalSection(SolutionConfigurationPlatforms) = preSolution
		Debug|Any CPU = Debug|Any CPU
		Release|Any CPU = Release|Any CPU
	EndGlobalSection
	GlobalSection(ProjectConfigurationPlatforms) = postSolution
		{4AFB4DBF-16AF-41E1-B60C-829E492E7EC3}.Debug|Any CPU.ActiveCfg = Debug|Any CPU
		{4AFB4DBF-16AF-41E1-B60C-829E492E7EC3}.Debug|Any CPU.Build.0 = Debug|Any CPU
		{4AFB4DBF-16AF-41E1-B60C-829E492E7EC3}.Release|Any CPU.ActiveCfg = Release|Any CPU
		{4AFB4DBF-16AF-41E1-B60C-829E492E7EC3}.Release|Any CPU.Build.0 = Release|Any CPU
		{78BC0C4C-623B-4A9C-BC59-50FD6AD51F9C}.Debug|Any CPU.ActiveCfg = Debug|Any CPU
		{78BC0C4C-623B-4A9C-BC59-50FD6AD51F9C}.Debug|Any CPU.Build.0 = Debug|Any CPU
		{78BC0C4C-623B-4A9C-BC59-50FD6AD51F9C}.Release|Any CPU.ActiveCfg = Release|Any CPU
		{78BC0C4C-623B-4A9C-BC59-50FD6AD51F9C}.Release|Any CPU.Build.0 = Release|Any CPU
		{8C9FD2F6-F0E5-4450-AFDF-68E10D85AD04}.Debug|Any CPU.ActiveCfg = Debug|Any CPU
		{8C9FD2F6-F0E5-4450-AFDF-68E10D85AD04}.Debug|Any CPU.Build.0 = Debug|Any CPU
		{8C9FD2F6-F0E5-4450-AFDF-68E10D85AD04}.Release|Any CPU.ActiveCfg = Release|Any CPU
		{8C9FD2F6-F0E5-4450-AFDF-68E10D85AD04}.Release|Any CPU.Build.0 = Release|Any CPU
		{4B252078-898D-45D3-8352-82D1E35C8BE5}.Debug|Any CPU.ActiveCfg = Debug|Any CPU
		{4B252078-898D-45D3-8352-82D1E35C8BE5}.Debug|Any CPU.Build.0 = Debug|Any CPU
		{4B252078-898D-45D3-8352-82D1E35C8BE5}.Release|Any CPU.ActiveCfg = Release|Any CPU
		{4B252078-898D-45D3-8352-82D1E35C8BE5}.Release|Any CPU.Build.0 = Release|Any CPU
		{E46DF1CF-31C8-80F5-434E-4452FF152A59}.Debug|Any CPU.ActiveCfg = Debug|Any CPU
		{E46DF1CF-31C8-80F5-434E-4452FF152A59}.Debug|Any CPU.Build.0 = Debug|Any CPU
		{E46DF1CF-31C8-80F5-434E-4452FF152A59}.Release|Any CPU.ActiveCfg = Release|Any CPU
		{E46DF1CF-31C8-80F5-434E-4452FF152A59}.Release|Any CPU.Build.0 = Release|Any CPU
	EndGlobalSection
	GlobalSection(SolutionProperties) = preSolution
		HideSolutionNode = FALSE
	EndGlobalSection
	GlobalSection(NestedProjects) = preSolution
		{78BC0C4C-623B-4A9C-BC59-50FD6AD51F9C} = {5C9DAD76-611A-4512-AF9E-EE082F65BE2F}
		{8C9FD2F6-F0E5-4450-AFDF-68E10D85AD04} = {F944816C-3504-43B1-AA19-F58D3B81DD4E}
		{4B252078-898D-45D3-8352-82D1E35C8BE5} = {70F736D0-55AB-44D6-B699-F341C117D4F8}
		{E46DF1CF-31C8-80F5-434E-4452FF152A59} = {F944816C-3504-43B1-AA19-F58D3B81DD4E}
	EndGlobalSection
	GlobalSection(ExtensibilityGlobals) = postSolution
		SolutionGuid = {9292375C-A022-4487-BAF7-9C24699877FF}
	EndGlobalSection
EndGlobal
